github.com/JoshVarga/GoMNIST v0.0.0-20150727083122-f6acf860c1f7 h1:YD6laRNzzsQjs68MMoKHr0yMQbnera6p3hgKF2zhjCY=
github.com/JoshVarga/GoMNIST v0.0.0-20150727083122-f6acf860c1f7/go.mod h1:IeUc2z/zfbjZT63yza2x49k03X3i9qXhS3MsghRQtws=
github.com/buger/goterm v0.0.0-20181115115552-c206103e1f37/go.mod h1:u9UyCz2eTrSGy6fbupqJ54eY5c4IC8gREQ1053dK12U=
github.com/cheekybits/is v0.0.0-20150225183255-68e9c0620927/go.mod h1:h/aW8ynjgkuj+NQRlZcDbAbM1ORAbXjXX77sX7T289U=
github.com/dave/jennifer v1.3.0 h1:p3tl41zjjCZTNBytMwrUuiAnherNUZktlhPTKoF/sEk=
github.com/dave/jennifer v1.3.0/go.mod h1:fIb+770HOpJ2fmN9EPPKOqm1vMGhB+TwXKMZhrIygKg=
github.com/davecgh/go-spew v1.1.0/go.mod h1:J7Y8YcW2NihsgmVo/mv3lAwl/skON4iLHjSsI+c5H38=
github.com/pmezard/go-difflib v1.0.0/go.mod h1:iKH77koFhYxTK1pcRnkKkqfTogsbg7gZNVY4sRDYZ/4=
github.com/rustyoz/Mtransform v0.0.0-20190224104252-60c8c35a3681/go.mod h1:LoYQicvJKiYtg51aHi/pslb7cyYUevSnMuB5IlkjuF0=
github.com/rustyoz/genericlexer v0.0.0-20190224115003-eb82fd2987bd/go.mod h1:m65JtsVg785EjQvQylesseVucezoQZqJozlPAfjXmbE=
github.com/rustyoz/svg v0.0.0-20191013033824-9c58bd1781a3/go.mod h1:fzOwHlLapZc+KrYbBhrUNF9/Mu5VuQjnI2Apt9JQwlI=
github.com/stretchr/objx v0.1.0/go.mod h1:HFkY916IF+rwdDfMAkV7OtwuqBVzrE8GR6GFx+wExME=
github.com/stretchr/testify v1.4.0/go.mod h1:j7eGeouHqKxXV5pUuKE4zz7dFj8WfuZ+81PSLYec5m4=
github.com/xyproto/af v0.0.0-20191018214415-1a8887381bd3 h1:QN9wTN6qa12WnnYyQ9xlUvyU1W9V58u3SWgwNKp5RpA=
github.com/xyproto/af v0.0.0-20191018214415-1a8887381bd3/go.mod h1:xYoWKJKu61/NJ4/6PV6mJuNu5QymmrbJmmI5mNOW+fI=
github.com/xyproto/swish v1.3.0 h1:qiVl2UeqkMqDJKjRLVwRprD7Vzz2pbNRcWTb3s0TpjE=
github.com/xyproto/swish v1.3.0/go.mod h1:IVhz2R80pNsPaSxbEcqR84i4MVL0b06HN7KIMhv38WA=
github.com/xyproto/tinysvg v0.0.0-20191101100520-ef4e4a2e5b89 h1:AfGCPfw7hTEZlM8843wNZKwkjhyA/WXyW1CNA3VsZmA=
github.com/xyproto/tinysvg v0.0.0-20191101100520-ef4e4a2e5b89/go.mod h1:OQfIWNs5Nhh2Mkq/pygdm0+4W9U21SgeXAO3ww1Ts/I=
golang.org/x/sys v0.0.0-20190613101156-ab3f67ed278a/go.mod h1:h1NjWce9XRLGQEsW7wpKNCjG9DtNlClVuFLEZdDNbEs=
gopkg.in/check.v1 v0.0.0-20161208181325-20d25e280405/go.mod h1:Co6ibVJAznAaIkqp8huTwlJQCZ016jof/cbN4VW5Yz0=
gopkg.in/yaml.v2 v2.2.2/go.mod h1:hI93XBmqTisBFMUTm0b8Fm+jr3Dg1NNxqwp+5A1VGuI=
